
Microsoft Visual Studio Solution File, Format Version 12.00
# Visual Studio Version 17
VisualStudioVersion = 17.2.32616.157
MinimumVisualStudioVersion = 10.0.40219.1
Project("{9A19103F-16F7-4668-BE54-9A1E7A4F7556}") = "4. DataAccess", "CapaDatos\4. DataAccess.csproj", "{3F0DFB4D-BBF1-4B2D-8C3F-0C7ED93F9039}"
EndProject
Project("{9A19103F-16F7-4668-BE54-9A1E7A4F7556}") = "1. Entities", "CapaEntidad\1. Entities.csproj", "{818BDF7A-5FA9-4262-80B0-C492823E89B1}"
EndProject
Project("{9A19103F-16F7-4668-BE54-9A1E7A4F7556}") = "3. Bussiness", "CapaNegocio\3. Bussiness.csproj", "{67EDEBF2-0F1B-4F3E-A7ED-F9D2251477A4}"
EndProject
Project("{9A19103F-16F7-4668-BE54-9A1E7A4F7556}") = "Presentation", "CapaPresentation\Presentation.csproj", "{4FD21095-1C81-45C1-B92D-DA4D9BDADBC3}"
EndProject
Global
	GlobalSection(SolutionConfigurationPlatforms) = preSolution
		Debug|Any CPU = Debug|Any CPU
		Release|Any CPU = Release|Any CPU
	EndGlobalSection
	GlobalSection(ProjectConfigurationPlatforms) = postSolution
		{3F0DFB4D-BBF1-4B2D-8C3F-0C7ED93F9039}.Debug|Any CPU.ActiveCfg = Debug|Any CPU
		{3F0DFB4D-BBF1-4B2D-8C3F-0C7ED93F9039}.Debug|Any CPU.Build.0 = Debug|Any CPU
		{3F0DFB4D-BBF1-4B2D-8C3F-0C7ED93F9039}.Release|Any CPU.ActiveCfg = Release|Any CPU
		{3F0DFB4D-BBF1-4B2D-8C3F-0C7ED93F9039}.Release|Any CPU.Build.0 = Release|Any CPU
		{818BDF7A-5FA9-4262-80B0-C492823E89B1}.Debug|Any CPU.ActiveCfg = Debug|Any CPU
		{818BDF7A-5FA9-4262-80B0-C492823E89B1}.Debug|Any CPU.Build.0 = Debug|Any CPU
		{818BDF7A-5FA9-4262-80B0-C492823E89B1}.Release|Any CPU.ActiveCfg = Release|Any CPU
		{818BDF7A-5FA9-4262-80B0-C492823E89B1}.Release|Any CPU.Build.0 = Release|Any CPU
		{67EDEBF2-0F1B-4F3E-A7ED-F9D2251477A4}.Debug|Any CPU.ActiveCfg = Debug|Any CPU
		{67EDEBF2-0F1B-4F3E-A7ED-F9D2251477A4}.Debug|Any CPU.Build.0 = Debug|Any CPU
		{67EDEBF2-0F1B-4F3E-A7ED-F9D2251477A4}.Release|Any CPU.ActiveCfg = Release|Any CPU
		{67EDEBF2-0F1B-4F3E-A7ED-F9D2251477A4}.Release|Any CPU.Build.0 = Release|Any CPU
		{4FD21095-1C81-45C1-B92D-DA4D9BDADBC3}.Debug|Any CPU.ActiveCfg = Debug|Any CPU
		{4FD21095-1C81-45C1-B92D-DA4D9BDADBC3}.Debug|Any CPU.Build.0 = Debug|Any CPU
		{4FD21095-1C81-45C1-B92D-DA4D9BDADBC3}.Release|Any CPU.ActiveCfg = Release|Any CPU
		{4FD21095-1C81-45C1-B92D-DA4D9BDADBC3}.Release|Any CPU.Build.0 = Release|Any CPU
	EndGlobalSection
	GlobalSection(SolutionProperties) = preSolution
		HideSolutionNode = FALSE
	EndGlobalSection
	GlobalSection(ExtensibilityGlobals) = postSolution
		SolutionGuid = {BAC8C03F-FAFA-46BF-879C-1EDA62F09ED4}
	EndGlobalSection
EndGlobal
